// !$*UTF8*$!
{
	archiveVersion = 1;
	classes = {
	};
	objectVersion = 55;
	objects = {

/* Begin PBXBuildFile section */
		223834EC288D0E1400D4F775 /* AppDelegate.swift in Sources */ = {isa = PBXBuildFile; fileRef = 223834EB288D0E1400D4F775 /* AppDelegate.swift */; };
		223834EE288D0E1400D4F775 /* SceneDelegate.swift in Sources */ = {isa = PBXBuildFile; fileRef = 223834ED288D0E1400D4F775 /* SceneDelegate.swift */; };
		223834F0288D0E1400D4F775 /* ViewController.swift in Sources */ = {isa = PBXBuildFile; fileRef = 223834EF288D0E1400D4F775 /* ViewController.swift */; };
		223834F3288D0E1400D4F775 /* Main.storyboard in Resources */ = {isa = PBXBuildFile; fileRef = 223834F1288D0E1400D4F775 /* Main.storyboard */; };
		223834F5288D0E1600D4F775 /* Assets.xcassets in Resources */ = {isa = PBXBuildFile; fileRef = 223834F4288D0E1600D4F775 /* Assets.xcassets */; };
		223834F8288D0E1600D4F775 /* LaunchScreen.storyboard in Resources */ = {isa = PBXBuildFile; fileRef = 223834F6288D0E1600D4F775 /* LaunchScreen.storyboard */; };
		22383501288D0E3B00D4F775 /* BaseComponents in Frameworks */ = {isa = PBXBuildFile; productRef = 22383500288D0E3B00D4F775 /* BaseComponents */; };
		22383503288D0E5700D4F775 /* LoginViewController.swift in Sources */ = {isa = PBXBuildFile; fileRef = 22383502288D0E5700D4F775 /* LoginViewController.swift */; };
		22383507288D14DD00D4F775 /* NumberPadViewController.swift in Sources */ = {isa = PBXBuildFile; fileRef = 22383506288D14DD00D4F775 /* NumberPadViewController.swift */; };
		22383509288D152200D4F775 /* MusicPlayerViewController.swift in Sources */ = {isa = PBXBuildFile; fileRef = 22383508288D152200D4F775 /* MusicPlayerViewController.swift */; };
		229D8D53288D80C000DC45E3 /* WebBrowserViewController.swift in Sources */ = {isa = PBXBuildFile; fileRef = 229D8D52288D80C000DC45E3 /* WebBrowserViewController.swift */; };
		229D8D59288DA29800DC45E3 /* cover.jpg in Resources */ = {isa = PBXBuildFile; fileRef = 229D8D58288DA29800DC45E3 /* cover.jpg */; };
/* End PBXBuildFile section */

/* Begin PBXFileReference section */
		223834E8288D0E1400D4F775 /* InterfaceBuilder.swift Demo.app */ = {isa = PBXFileReference; explicitFileType = wrapper.application; includeInIndex = 0; path = "InterfaceBuilder.swift Demo.app"; sourceTree = BUILT_PRODUCTS_DIR; };
		223834EB288D0E1400D4F775 /* AppDelegate.swift */ = {isa = PBXFileReference; lastKnownFileType = sourcecode.swift; path = AppDelegate.swift; sourceTree = "<group>"; };
		223834ED288D0E1400D4F775 /* SceneDelegate.swift */ = {isa = PBXFileReference; lastKnownFileType = sourcecode.swift; path = SceneDelegate.swift; sourceTree = "<group>"; };
		223834EF288D0E1400D4F775 /* ViewController.swift */ = {isa = PBXFileReference; lastKnownFileType = sourcecode.swift; path = ViewController.swift; sourceTree = "<group>"; };
		223834F2288D0E1400D4F775 /* Base */ = {isa = PBXFileReference; lastKnownFileType = file.storyboard; name = Base; path = Base.lproj/Main.storyboard; sourceTree = "<group>"; };
		223834F4288D0E1600D4F775 /* Assets.xcassets */ = {isa = PBXFileReference; lastKnownFileType = folder.assetcatalog; path = Assets.xcassets; sourceTree = "<group>"; };
		223834F7288D0E1600D4F775 /* Base */ = {isa = PBXFileReference; lastKnownFileType = file.storyboard; name = Base; path = Base.lproj/LaunchScreen.storyboard; sourceTree = "<group>"; };
		223834F9288D0E1600D4F775 /* Info.plist */ = {isa = PBXFileReference; lastKnownFileType = text.plist.xml; path = Info.plist; sourceTree = "<group>"; };
		22383502288D0E5700D4F775 /* LoginViewController.swift */ = {isa = PBXFileReference; lastKnownFileType = sourcecode.swift; path = LoginViewController.swift; sourceTree = "<group>"; };
		22383506288D14DD00D4F775 /* NumberPadViewController.swift */ = {isa = PBXFileReference; lastKnownFileType = sourcecode.swift; path = NumberPadViewController.swift; sourceTree = "<group>"; };
		22383508288D152200D4F775 /* MusicPlayerViewController.swift */ = {isa = PBXFileReference; lastKnownFileType = sourcecode.swift; path = MusicPlayerViewController.swift; sourceTree = "<group>"; };
		229D8D52288D80C000DC45E3 /* WebBrowserViewController.swift */ = {isa = PBXFileReference; lastKnownFileType = sourcecode.swift; path = WebBrowserViewController.swift; sourceTree = "<group>"; };
		229D8D58288DA29800DC45E3 /* cover.jpg */ = {isa = PBXFileReference; lastKnownFileType = image.jpeg; path = cover.jpg; sourceTree = "<group>"; };
/* End PBXFileReference section */

/* Begin PBXFrameworksBuildPhase section */
		223834E5288D0E1400D4F775 /* Frameworks */ = {
			isa = PBXFrameworksBuildPhase;
			buildActionMask = 2147483647;
			files = (
				22383501288D0E3B00D4F775 /* BaseComponents in Frameworks */,
			);
			runOnlyForDeploymentPostprocessing = 0;
		};
/* End PBXFrameworksBuildPhase section */

/* Begin PBXGroup section */
		223834DF288D0E1400D4F775 = {
			isa = PBXGroup;
			children = (
				223834EA288D0E1400D4F775 /* InterfaceBuilder.swift Demo */,
				223834E9288D0E1400D4F775 /* Products */,
			);
			sourceTree = "<group>";
		};
		223834E9288D0E1400D4F775 /* Products */ = {
			isa = PBXGroup;
			children = (
				223834E8288D0E1400D4F775 /* InterfaceBuilder.swift Demo.app */,
			);
			name = Products;
			sourceTree = "<group>";
		};
		223834EA288D0E1400D4F775 /* InterfaceBuilder.swift Demo */ = {
			isa = PBXGroup;
			children = (
				223834EB288D0E1400D4F775 /* AppDelegate.swift */,
				223834ED288D0E1400D4F775 /* SceneDelegate.swift */,
				223834EF288D0E1400D4F775 /* ViewController.swift */,
				22383504288D0E6200D4F775 /* Login */,
				2238350A288D152800D4F775 /* Music Player */,
				22383505288D0F0200D4F775 /* Number Pad */,
				229D8D51288D80A400DC45E3 /* Web Browser */,
				223834F1288D0E1400D4F775 /* Main.storyboard */,
				223834F4288D0E1600D4F775 /* Assets.xcassets */,
				223834F6288D0E1600D4F775 /* LaunchScreen.storyboard */,
				223834F9288D0E1600D4F775 /* Info.plist */,
			);
			path = "InterfaceBuilder.swift Demo";
			sourceTree = "<group>";
		};
		22383504288D0E6200D4F775 /* Login */ = {
			isa = PBXGroup;
			children = (
				22383502288D0E5700D4F775 /* LoginViewController.swift */,
			);
			path = Login;
			sourceTree = "<group>";
		};
		22383505288D0F0200D4F775 /* Number Pad */ = {
			isa = PBXGroup;
			children = (
				22383506288D14DD00D4F775 /* NumberPadViewController.swift */,
			);
			path = "Number Pad";
			sourceTree = "<group>";
		};
		2238350A288D152800D4F775 /* Music Player */ = {
			isa = PBXGroup;
			children = (
				229D8D58288DA29800DC45E3 /* cover.jpg */,
				22383508288D152200D4F775 /* MusicPlayerViewController.swift */,
			);
			path = "Music Player";
			sourceTree = "<group>";
		};
		229D8D51288D80A400DC45E3 /* Web Browser */ = {
			isa = PBXGroup;
			children = (
				229D8D52288D80C000DC45E3 /* WebBrowserViewController.swift */,
			);
			path = "Web Browser";
			sourceTree = "<group>";
		};
/* End PBXGroup section */

/* Begin PBXNativeTarget section */
		223834E7288D0E1400D4F775 /* InterfaceBuilder.swift Demo */ = {
			isa = PBXNativeTarget;
			buildConfigurationList = 223834FC288D0E1600D4F775 /* Build configuration list for PBXNativeTarget "InterfaceBuilder.swift Demo" */;
			buildPhases = (
				223834E4288D0E1400D4F775 /* Sources */,
				223834E5288D0E1400D4F775 /* Frameworks */,
				223834E6288D0E1400D4F775 /* Resources */,
			);
			buildRules = (
			);
			dependencies = (
			);
			name = "InterfaceBuilder.swift Demo";
			packageProductDependencies = (
				22383500288D0E3B00D4F775 /* BaseComponents */,
			);
			productName = "InterfaceBuilder.swift Demo";
			productReference = 223834E8288D0E1400D4F775 /* InterfaceBuilder.swift Demo.app */;
			productType = "com.apple.product-type.application";
		};
/* End PBXNativeTarget section */

/* Begin PBXProject section */
		223834E0288D0E1400D4F775 /* Project object */ = {
			isa = PBXProject;
			attributes = {
				BuildIndependentTargetsInParallel = 1;
				LastSwiftUpdateCheck = 1340;
				LastUpgradeCheck = 1340;
				TargetAttributes = {
					223834E7288D0E1400D4F775 = {
						CreatedOnToolsVersion = 13.4.1;
					};
				};
			};
			buildConfigurationList = 223834E3288D0E1400D4F775 /* Build configuration list for PBXProject "InterfaceBuilder.swift Demo" */;
			compatibilityVersion = "Xcode 13.0";
			developmentRegion = en;
			hasScannedForEncodings = 0;
			knownRegions = (
				en,
				Base,
			);
			mainGroup = 223834DF288D0E1400D4F775;
			packageReferences = (
				223834FF288D0E3B00D4F775 /* XCRemoteSwiftPackageReference "BaseComponents" */,
			);
			productRefGroup = 223834E9288D0E1400D4F775 /* Products */;
			projectDirPath = "";
			projectRoot = "";
			targets = (
				223834E7288D0E1400D4F775 /* InterfaceBuilder.swift Demo */,
			);
		};
/* End PBXProject section */

/* Begin PBXResourcesBuildPhase section */
		223834E6288D0E1400D4F775 /* Resources */ = {
			isa = PBXResourcesBuildPhase;
			buildActionMask = 2147483647;
			files = (
				223834F8288D0E1600D4F775 /* LaunchScreen.storyboard in Resources */,
				223834F5288D0E1600D4F775 /* Assets.xcassets in Resources */,
				223834F3288D0E1400D4F775 /* Main.storyboard in Resources */,
				229D8D59288DA29800DC45E3 /* cover.jpg in Resources */,
			);
			runOnlyForDeploymentPostprocessing = 0;
		};
/* End PBXResourcesBuildPhase section */

/* Begin PBXSourcesBuildPhase section */
		223834E4288D0E1400D4F775 /* Sources */ = {
			isa = PBXSourcesBuildPhase;
			buildActionMask = 2147483647;
			files = (
				22383503288D0E5700D4F775 /* LoginViewController.swift in Sources */,
				22383509288D152200D4F775 /* MusicPlayerViewController.swift in Sources */,
				223834F0288D0E1400D4F775 /* ViewController.swift in Sources */,
				229D8D53288D80C000DC45E3 /* WebBrowserViewController.swift in Sources */,
				22383507288D14DD00D4F775 /* NumberPadViewController.swift in Sources */,
				223834EC288D0E1400D4F775 /* AppDelegate.swift in Sources */,
				223834EE288D0E1400D4F775 /* SceneDelegate.swift in Sources */,
			);
			runOnlyForDeploymentPostprocessing = 0;
		};
/* End PBXSourcesBuildPhase section */

/* Begin PBXVariantGroup section */
		223834F1288D0E1400D4F775 /* Main.storyboard */ = {
			isa = PBXVariantGroup;
			children = (
				223834F2288D0E1400D4F775 /* Base */,
			);
			name = Main.storyboard;
			sourceTree = "<group>";
		};
		223834F6288D0E1600D4F775 /* LaunchScreen.storyboard */ = {
			isa = PBXVariantGroup;
			children = (
				223834F7288D0E1600D4F775 /* Base */,
			);
			name = LaunchScreen.storyboard;
			sourceTree = "<group>";
		};
/* End PBXVariantGroup section */

/* Begin XCBuildConfiguration section */
		223834FA288D0E1600D4F775 /* Debug */ = {
			isa = XCBuildConfiguration;
			buildSettings = {
				ALWAYS_SEARCH_USER_PATHS = NO;
				CLANG_ANALYZER_NONNULL = YES;
				CLANG_ANALYZER_NUMBER_OBJECT_CONVERSION = YES_AGGRESSIVE;
				CLANG_CXX_LANGUAGE_STANDARD = "gnu++17";
				CLANG_ENABLE_MODULES = YES;
				CLANG_ENABLE_OBJC_ARC = YES;
				CLANG_ENABLE_OBJC_WEAK = YES;
				CLANG_WARN_BLOCK_CAPTURE_AUTORELEASING = YES;
				CLANG_WARN_BOOL_CONVERSION = YES;
				CLANG_WARN_COMMA = YES;
				CLANG_WARN_CONSTANT_CONVERSION = YES;
				CLANG_WARN_DEPRECATED_OBJC_IMPLEMENTATIONS = YES;
				CLANG_WARN_DIRECT_OBJC_ISA_USAGE = YES_ERROR;
				CLANG_WARN_DOCUMENTATION_COMMENTS = YES;
				CLANG_WARN_EMPTY_BODY = YES;
				CLANG_WARN_ENUM_CONVERSION = YES;
				CLANG_WARN_INFINITE_RECURSION = YES;
				CLANG_WARN_INT_CONVERSION = YES;
				CLANG_WARN_NON_LITERAL_NULL_CONVERSION = YES;
				CLANG_WARN_OBJC_IMPLICIT_RETAIN_SELF = YES;
				CLANG_WARN_OBJC_LITERAL_CONVERSION = YES;
				CLANG_WARN_OBJC_ROOT_CLASS = YES_ERROR;
				CLANG_WARN_QUOTED_INCLUDE_IN_FRAMEWORK_HEADER = YES;
				CLANG_WARN_RANGE_LOOP_ANALYSIS = YES;
				CLANG_WARN_STRICT_PROTOTYPES = YES;
				CLANG_WARN_SUSPICIOUS_MOVE = YES;
				CLANG_WARN_UNGUARDED_AVAILABILITY = YES_AGGRESSIVE;
				CLANG_WARN_UNREACHABLE_CODE = YES;
				CLANG_WARN__DUPLICATE_METHOD_MATCH = YES;
				COPY_PHASE_STRIP = NO;
				DEBUG_INFORMATION_FORMAT = dwarf;
				ENABLE_STRICT_OBJC_MSGSEND = YES;
				ENABLE_TESTABILITY = YES;
				GCC_C_LANGUAGE_STANDARD = gnu11;
				GCC_DYNAMIC_NO_PIC = NO;
				GCC_NO_COMMON_BLOCKS = YES;
				GCC_OPTIMIZATION_LEVEL = 0;
				GCC_PREPROCESSOR_DEFINITIONS = (
					"DEBUG=1",
					"$(inherited)",
				);
				GCC_WARN_64_TO_32_BIT_CONVERSION = YES;
				GCC_WARN_ABOUT_RETURN_TYPE = YES_ERROR;
				GCC_WARN_UNDECLARED_SELECTOR = YES;
				GCC_WARN_UNINITIALIZED_AUTOS = YES_AGGRESSIVE;
				GCC_WARN_UNUSED_FUNCTION = YES;
				GCC_WARN_UNUSED_VARIABLE = YES;
				IPHONEOS_DEPLOYMENT_TARGET = 15.5;
				MTL_ENABLE_DEBUG_INFO = INCLUDE_SOURCE;
				MTL_FAST_MATH = YES;
				ONLY_ACTIVE_ARCH = YES;
				SDKROOT = iphoneos;
				SWIFT_ACTIVE_COMPILATION_CONDITIONS = DEBUG;
				SWIFT_OPTIMIZATION_LEVEL = "-Onone";
			};
			name = Debug;
		};
		223834FB288D0E1600D4F775 /* Release */ = {
			isa = XCBuildConfiguration;
			buildSettings = {
				ALWAYS_SEARCH_USER_PATHS = NO;
				CLANG_ANALYZER_NONNULL = YES;
				CLANG_ANALYZER_NUMBER_OBJECT_CONVERSION = YES_AGGRESSIVE;
				CLANG_CXX_LANGUAGE_STANDARD = "gnu++17";
				CLANG_ENABLE_MODULES = YES;
				CLANG_ENABLE_OBJC_ARC = YES;
				CLANG_ENABLE_OBJC_WEAK = YES;
				CLANG_WARN_BLOCK_CAPTURE_AUTORELEASING = YES;
				CLANG_WARN_BOOL_CONVERSION = YES;
				CLANG_WARN_COMMA = YES;
				CLANG_WARN_CONSTANT_CONVERSION = YES;
				CLANG_WARN_DEPRECATED_OBJC_IMPLEMENTATIONS = YES;
				CLANG_WARN_DIRECT_OBJC_ISA_USAGE = YES_ERROR;
				CLANG_WARN_DOCUMENTATION_COMMENTS = YES;
				CLANG_WARN_EMPTY_BODY = YES;
				CLANG_WARN_ENUM_CONVERSION = YES;
				CLANG_WARN_INFINITE_RECURSION = YES;
				CLANG_WARN_INT_CONVERSION = YES;
				CLANG_WARN_NON_LITERAL_NULL_CONVERSION = YES;
				CLANG_WARN_OBJC_IMPLICIT_RETAIN_SELF = YES;
				CLANG_WARN_OBJC_LITERAL_CONVERSION = YES;
				CLANG_WARN_OBJC_ROOT_CLASS = YES_ERROR;
				CLANG_WARN_QUOTED_INCLUDE_IN_FRAMEWORK_HEADER = YES;
				CLANG_WARN_RANGE_LOOP_ANALYSIS = YES;
				CLANG_WARN_STRICT_PROTOTYPES = YES;
				CLANG_WARN_SUSPICIOUS_MOVE = YES;
				CLANG_WARN_UNGUARDED_AVAILABILITY = YES_AGGRESSIVE;
				CLANG_WARN_UNREACHABLE_CODE = YES;
				CLANG_WARN__DUPLICATE_METHOD_MATCH = YES;
				COPY_PHASE_STRIP = NO;
				DEBUG_INFORMATION_FORMAT = "dwarf-with-dsym";
				ENABLE_NS_ASSERTIONS = NO;
				ENABLE_STRICT_OBJC_MSGSEND = YES;
				GCC_C_LANGUAGE_STANDARD = gnu11;
				GCC_NO_COMMON_BLOCKS = YES;
				GCC_WARN_64_TO_32_BIT_CONVERSION = YES;
				GCC_WARN_ABOUT_RETURN_TYPE = YES_ERROR;
				GCC_WARN_UNDECLARED_SELECTOR = YES;
				GCC_WARN_UNINITIALIZED_AUTOS = YES_AGGRESSIVE;
				GCC_WARN_UNUSED_FUNCTION = YES;
				GCC_WARN_UNUSED_VARIABLE = YES;
				IPHONEOS_DEPLOYMENT_TARGET = 15.5;
				MTL_ENABLE_DEBUG_INFO = NO;
				MTL_FAST_MATH = YES;
				SDKROOT = iphoneos;
				SWIFT_COMPILATION_MODE = wholemodule;
				SWIFT_OPTIMIZATION_LEVEL = "-O";
				VALIDATE_PRODUCT = YES;
			};
			name = Release;
		};
		223834FD288D0E1600D4F775 /* Debug */ = {
			isa = XCBuildConfiguration;
			buildSettings = {
				ASSETCATALOG_COMPILER_APPICON_NAME = AppIcon;
				ASSETCATALOG_COMPILER_GLOBAL_ACCENT_COLOR_NAME = AccentColor;
				CODE_SIGN_STYLE = Automatic;
				CURRENT_PROJECT_VERSION = 1;
				GENERATE_INFOPLIST_FILE = YES;
				INFOPLIST_FILE = "InterfaceBuilder.swift Demo/Info.plist";
				INFOPLIST_KEY_UIApplicationSupportsIndirectInputEvents = YES;
				INFOPLIST_KEY_UILaunchStoryboardName = LaunchScreen;
				INFOPLIST_KEY_UIMainStoryboardFile = Main;
				INFOPLIST_KEY_UISupportedInterfaceOrientations_iPad = "UIInterfaceOrientationPortrait UIInterfaceOrientationPortraitUpsideDown UIInterfaceOrientationLandscapeLeft UIInterfaceOrientationLandscapeRight";
				INFOPLIST_KEY_UISupportedInterfaceOrientations_iPhone = "UIInterfaceOrientationPortrait UIInterfaceOrientationLandscapeLeft UIInterfaceOrientationLandscapeRight";
				LD_RUNPATH_SEARCH_PATHS = (
					"$(inherited)",
					"@executable_path/Frameworks",
				);
				MARKETING_VERSION = 1.0;
				PRODUCT_BUNDLE_IDENTIFIER = "com.mackh.InterfaceBuilder-swift-Demo";
				PRODUCT_NAME = "$(TARGET_NAME)";
				SWIFT_EMIT_LOC_STRINGS = YES;
				SWIFT_VERSION = 5.0;
				TARGETED_DEVICE_FAMILY = "1,2";
			};
			name = Debug;
		};
		223834FE288D0E1600D4F775 /* Release */ = {
			isa = XCBuildConfiguration;
			buildSettings = {
				ASSETCATALOG_COMPILER_APPICON_NAME = AppIcon;
				ASSETCATALOG_COMPILER_GLOBAL_ACCENT_COLOR_NAME = AccentColor;
				CODE_SIGN_STYLE = Automatic;
				CURRENT_PROJECT_VERSION = 1;
				GENERATE_INFOPLIST_FILE = YES;
				INFOPLIST_FILE = "InterfaceBuilder.swift Demo/Info.plist";
				INFOPLIST_KEY_UIApplicationSupportsIndirectInputEvents = YES;
				INFOPLIST_KEY_UILaunchStoryboardName = LaunchScreen;
				INFOPLIST_KEY_UIMainStoryboardFile = Main;
				INFOPLIST_KEY_UISupportedInterfaceOrientations_iPad = "UIInterfaceOrientationPortrait UIInterfaceOrientationPortraitUpsideDown UIInterfaceOrientationLandscapeLeft UIInterfaceOrientationLandscapeRight";
				INFOPLIST_KEY_UISupportedInterfaceOrientations_iPhone = "UIInterfaceOrientationPortrait UIInterfaceOrientationLandscapeLeft UIInterfaceOrientationLandscapeRight";
				LD_RUNPATH_SEARCH_PATHS = (
					"$(inherited)",
					"@executable_path/Frameworks",
				);
				MARKETING_VERSION = 1.0;
				PRODUCT_BUNDLE_IDENTIFIER = "com.mackh.InterfaceBuilder-swift-Demo";
				PRODUCT_NAME = "$(TARGET_NAME)";
				SWIFT_EMIT_LOC_STRINGS = YES;
				SWIFT_VERSION = 5.0;
				TARGETED_DEVICE_FAMILY = "1,2";
			};
			name = Release;
		};
/* End XCBuildConfiguration section */

/* Begin XCConfigurationList section */
		223834E3288D0E1400D4F775 /* Build configuration list for PBXProject "InterfaceBuilder.swift Demo" */ = {
			isa = XCConfigurationList;
			buildConfigurations = (
				223834FA288D0E1600D4F775 /* Debug */,
				223834FB288D0E1600D4F775 /* Release */,
			);
			defaultConfigurationIsVisible = 0;
			defaultConfigurationName = Release;
		};
		223834FC288D0E1600D4F775 /* Build configuration list for PBXNativeTarget "InterfaceBuilder.swift Demo" */ = {
			isa = XCConfigurationList;
			buildConfigurations = (
				223834FD288D0E1600D4F775 /* Debug */,
				223834FE288D0E1600D4F775 /* Release */,
			);
			defaultConfigurationIsVisible = 0;
			defaultConfigurationName = Release;
		};
/* End XCConfigurationList section */

/* Begin XCRemoteSwiftPackageReference section */
		223834FF288D0E3B00D4F775 /* XCRemoteSwiftPackageReference "BaseComponents" */ = {
			isa = XCRemoteSwiftPackageReference;
			repositoryURL = "https://github.com/mmackh/BaseComponents";
			requirement = {
				branch = master;
				kind = branch;
			};
		};
/* End XCRemoteSwiftPackageReference section */

/* Begin XCSwiftPackageProductDependency section */
		22383500288D0E3B00D4F775 /* BaseComponents */ = {
			isa = XCSwiftPackageProductDependency;
			package = 223834FF288D0E3B00D4F775 /* XCRemoteSwiftPackageReference "BaseComponents" */;
			productName = BaseComponents;
		};
/* End XCSwiftPackageProductDependency section */
	};
	rootObject = 223834E0288D0E1400D4F775 /* Project object */;
}
